
Microsoft Visual Studio Solution File, Format Version 12.00
# Visual Studio Version 17
VisualStudioVersion = 17.4.33213.308
MinimumVisualStudioVersion = 10.0.40219.1
Project("{FAE04EC0-301F-11D3-BF4B-00C04F79EFBC}") = "KursL1", "KursL1\KursL1.csproj", "{B92E4B42-722C-4F77-ACF7-DA3BBA14E128}"
EndProject
Global
	GlobalSection(SolutionConfigurationPlatforms) = preSolution
		Debug|Any CPU = Debug|Any CPU
		Release|Any CPU = Release|Any CPU
	EndGlobalSection
	GlobalSection(ProjectConfigurationPlatforms) = postSolution
		{B92E4B42-722C-4F77-ACF7-DA3BBA14E128}.Debug|Any CPU.ActiveCfg = Debug|Any CPU
		{B92E4B42-722C-4F77-ACF7-DA3BBA14E128}.Debug|Any CPU.Build.0 = Debug|Any CPU
		{B92E4B42-722C-4F77-ACF7-DA3BBA14E128}.Release|Any CPU.ActiveCfg = Release|Any CPU
		{B92E4B42-722C-4F77-ACF7-DA3BBA14E128}.Release|Any CPU.Build.0 = Release|Any CPU
	EndGlobalSection
	GlobalSection(SolutionProperties) = preSolution
		HideSolutionNode = FALSE
	EndGlobalSection
	GlobalSection(ExtensibilityGlobals) = postSolution
		SolutionGuid = {DD3D201D-249E-4064-B1B9-24B2CA107BF5}
	EndGlobalSection
EndGlobal
